// !$*UTF8*$!
{
	archiveVersion = 1;
	classes = {
	};
	objectVersion = 50;
	objects = {

/* Begin PBXBuildFile section */
		E30A484522E902BE0014A527 /* AppDelegate.swift in Sources */ = {isa = PBXBuildFile; fileRef = E30A484422E902BE0014A527 /* AppDelegate.swift */; };
		E30A484722E902BE0014A527 /* ViewController.swift in Sources */ = {isa = PBXBuildFile; fileRef = E30A484622E902BE0014A527 /* ViewController.swift */; };
		E30A484A22E902BE0014A527 /* Main.storyboard in Resources */ = {isa = PBXBuildFile; fileRef = E30A484822E902BE0014A527 /* Main.storyboard */; };
		E30A484C22E902C10014A527 /* Assets.xcassets in Resources */ = {isa = PBXBuildFile; fileRef = E30A484B22E902C10014A527 /* Assets.xcassets */; };
		E30A484F22E902C10014A527 /* LaunchScreen.storyboard in Resources */ = {isa = PBXBuildFile; fileRef = E30A484D22E902C10014A527 /* LaunchScreen.storyboard */; };
		E30A485A22E902C10014A527 /* Anki_AssistantTests.swift in Sources */ = {isa = PBXBuildFile; fileRef = E30A485922E902C10014A527 /* Anki_AssistantTests.swift */; };
		E30A486622E91A380014A527 /* CoreLocation.framework in Frameworks */ = {isa = PBXBuildFile; fileRef = E30A486522E91A380014A527 /* CoreLocation.framework */; };
/* End PBXBuildFile section */

/* Begin PBXContainerItemProxy section */
		E30A485622E902C10014A527 /* PBXContainerItemProxy */ = {
			isa = PBXContainerItemProxy;
			containerPortal = E30A483922E902BE0014A527 /* Project object */;
			proxyType = 1;
			remoteGlobalIDString = E30A484022E902BE0014A527;
			remoteInfo = "Anki Assistant";
		};
/* End PBXContainerItemProxy section */

/* Begin PBXFileReference section */
		E30A484122E902BE0014A527 /* Anki Assistant.app */ = {isa = PBXFileReference; explicitFileType = wrapper.application; includeInIndex = 0; path = "Anki Assistant.app"; sourceTree = BUILT_PRODUCTS_DIR; };
		E30A484422E902BE0014A527 /* AppDelegate.swift */ = {isa = PBXFileReference; lastKnownFileType = sourcecode.swift; path = AppDelegate.swift; sourceTree = "<group>"; };
		E30A484622E902BE0014A527 /* ViewController.swift */ = {isa = PBXFileReference; lastKnownFileType = sourcecode.swift; path = ViewController.swift; sourceTree = "<group>"; };
		E30A484922E902BE0014A527 /* Base */ = {isa = PBXFileReference; lastKnownFileType = file.storyboard; name = Base; path = Base.lproj/Main.storyboard; sourceTree = "<group>"; };
		E30A484B22E902C10014A527 /* Assets.xcassets */ = {isa = PBXFileReference; lastKnownFileType = folder.assetcatalog; path = Assets.xcassets; sourceTree = "<group>"; };
		E30A484E22E902C10014A527 /* Base */ = {isa = PBXFileReference; lastKnownFileType = file.storyboard; name = Base; path = Base.lproj/LaunchScreen.storyboard; sourceTree = "<group>"; };
		E30A485022E902C10014A527 /* Info.plist */ = {isa = PBXFileReference; lastKnownFileType = text.plist.xml; path = Info.plist; sourceTree = "<group>"; };
		E30A485522E902C10014A527 /* Anki AssistantTests.xctest */ = {isa = PBXFileReference; explicitFileType = wrapper.cfbundle; includeInIndex = 0; path = "Anki AssistantTests.xctest"; sourceTree = BUILT_PRODUCTS_DIR; };
		E30A485922E902C10014A527 /* Anki_AssistantTests.swift */ = {isa = PBXFileReference; lastKnownFileType = sourcecode.swift; path = Anki_AssistantTests.swift; sourceTree = "<group>"; };
		E30A485B22E902C10014A527 /* Info.plist */ = {isa = PBXFileReference; lastKnownFileType = text.plist.xml; path = Info.plist; sourceTree = "<group>"; };
		E30A486522E91A380014A527 /* CoreLocation.framework */ = {isa = PBXFileReference; lastKnownFileType = wrapper.framework; name = CoreLocation.framework; path = System/Library/Frameworks/CoreLocation.framework; sourceTree = SDKROOT; };
/* End PBXFileReference section */

/* Begin PBXFrameworksBuildPhase section */
		E30A483E22E902BE0014A527 /* Frameworks */ = {
			isa = PBXFrameworksBuildPhase;
			buildActionMask = 2147483647;
			files = (
				E30A486622E91A380014A527 /* CoreLocation.framework in Frameworks */,
			);
			runOnlyForDeploymentPostprocessing = 0;
		};
		E30A485222E902C10014A527 /* Frameworks */ = {
			isa = PBXFrameworksBuildPhase;
			buildActionMask = 2147483647;
			files = (
			);
			runOnlyForDeploymentPostprocessing = 0;
		};
/* End PBXFrameworksBuildPhase section */

/* Begin PBXGroup section */
		E30A483822E902BE0014A527 = {
			isa = PBXGroup;
			children = (
				E30A484322E902BE0014A527 /* Anki Assistant */,
				E30A485822E902C10014A527 /* Anki AssistantTests */,
				E30A484222E902BE0014A527 /* Products */,
				E30A486422E91A380014A527 /* Frameworks */,
			);
			sourceTree = "<group>";
		};
		E30A484222E902BE0014A527 /* Products */ = {
			isa = PBXGroup;
			children = (
				E30A484122E902BE0014A527 /* Anki Assistant.app */,
				E30A485522E902C10014A527 /* Anki AssistantTests.xctest */,
			);
			name = Products;
			sourceTree = "<group>";
		};
		E30A484322E902BE0014A527 /* Anki Assistant */ = {
			isa = PBXGroup;
			children = (
				E30A484422E902BE0014A527 /* AppDelegate.swift */,
				E30A484622E902BE0014A527 /* ViewController.swift */,
				E30A484822E902BE0014A527 /* Main.storyboard */,
				E30A484B22E902C10014A527 /* Assets.xcassets */,
				E30A484D22E902C10014A527 /* LaunchScreen.storyboard */,
				E30A485022E902C10014A527 /* Info.plist */,
			);
			path = "Anki Assistant";
			sourceTree = "<group>";
		};
		E30A485822E902C10014A527 /* Anki AssistantTests */ = {
			isa = PBXGroup;
			children = (
				E30A485922E902C10014A527 /* Anki_AssistantTests.swift */,
				E30A485B22E902C10014A527 /* Info.plist */,
			);
			path = "Anki AssistantTests";
			sourceTree = "<group>";
		};
		E30A486422E91A380014A527 /* Frameworks */ = {
			isa = PBXGroup;
			children = (
				E30A486522E91A380014A527 /* CoreLocation.framework */,
			);
			name = Frameworks;
			sourceTree = "<group>";
		};
/* End PBXGroup section */

/* Begin PBXNativeTarget section */
		E30A484022E902BE0014A527 /* Anki Assistant */ = {
			isa = PBXNativeTarget;
			buildConfigurationList = E30A485E22E902C10014A527 /* Build configuration list for PBXNativeTarget "Anki Assistant" */;
			buildPhases = (
				E30A483D22E902BE0014A527 /* Sources */,
				E30A483E22E902BE0014A527 /* Frameworks */,
				E30A483F22E902BE0014A527 /* Resources */,
			);
			buildRules = (
			);
			dependencies = (
			);
			name = "Anki Assistant";
			productName = "Anki Assistant";
			productReference = E30A484122E902BE0014A527 /* Anki Assistant.app */;
			productType = "com.apple.product-type.application";
		};
		E30A485422E902C10014A527 /* Anki AssistantTests */ = {
			isa = PBXNativeTarget;
			buildConfigurationList = E30A486122E902C10014A527 /* Build configuration list for PBXNativeTarget "Anki AssistantTests" */;
			buildPhases = (
				E30A485122E902C10014A527 /* Sources */,
				E30A485222E902C10014A527 /* Frameworks */,
				E30A485322E902C10014A527 /* Resources */,
			);
			buildRules = (
			);
			dependencies = (
				E30A485722E902C10014A527 /* PBXTargetDependency */,
			);
			name = "Anki AssistantTests";
			productName = "Anki AssistantTests";
			productReference = E30A485522E902C10014A527 /* Anki AssistantTests.xctest */;
			productType = "com.apple.product-type.bundle.unit-test";
		};
/* End PBXNativeTarget section */

/* Begin PBXProject section */
		E30A483922E902BE0014A527 /* Project object */ = {
			isa = PBXProject;
			attributes = {
				LastSwiftUpdateCheck = 1030;
				LastUpgradeCheck = 1030;
				ORGANIZATIONNAME = gpalya;
				TargetAttributes = {
					E30A484022E902BE0014A527 = {
						CreatedOnToolsVersion = 10.3;
						SystemCapabilities = {
							com.apple.BackgroundModes = {
								enabled = 1;
							};
						};
					};
					E30A485422E902C10014A527 = {
						CreatedOnToolsVersion = 10.3;
						TestTargetID = E30A484022E902BE0014A527;
					};
				};
			};
			buildConfigurationList = E30A483C22E902BE0014A527 /* Build configuration list for PBXProject "Anki Assistant" */;
			compatibilityVersion = "Xcode 9.3";
			developmentRegion = en;
			hasScannedForEncodings = 0;
			knownRegions = (
				en,
				Base,
			);
			mainGroup = E30A483822E902BE0014A527;
			productRefGroup = E30A484222E902BE0014A527 /* Products */;
			projectDirPath = "";
			projectRoot = "";
			targets = (
				E30A484022E902BE0014A527 /* Anki Assistant */,
				E30A485422E902C10014A527 /* Anki AssistantTests */,
			);
		};
/* End PBXProject section */

/* Begin PBXResourcesBuildPhase section */
		E30A483F22E902BE0014A527 /* Resources */ = {
			isa = PBXResourcesBuildPhase;
			buildActionMask = 2147483647;
			files = (
				E30A484F22E902C10014A527 /* LaunchScreen.storyboard in Resources */,
				E30A484C22E902C10014A527 /* Assets.xcassets in Resources */,
				E30A484A22E902BE0014A527 /* Main.storyboard in Resources */,
			);
			runOnlyForDeploymentPostprocessing = 0;
		};
		E30A485322E902C10014A527 /* Resources */ = {
			isa = PBXResourcesBuildPhase;
			buildActionMask = 2147483647;
			files = (
			);
			runOnlyForDeploymentPostprocessing = 0;
		};
/* End PBXResourcesBuildPhase section */

/* Begin PBXSourcesBuildPhase section */
		E30A483D22E902BE0014A527 /* Sources */ = {
			isa = PBXSourcesBuildPhase;
			buildActionMask = 2147483647;
			files = (
				E30A484722E902BE0014A527 /* ViewController.swift in Sources */,
				E30A484522E902BE0014A527 /* AppDelegate.swift in Sources */,
			);
			runOnlyForDeploymentPostprocessing = 0;
		};
		E30A485122E902C10014A527 /* Sources */ = {
			isa = PBXSourcesBuildPhase;
			buildActionMask = 2147483647;
			files = (
				E30A485A22E902C10014A527 /* Anki_AssistantTests.swift in Sources */,
			);
			runOnlyForDeploymentPostprocessing = 0;
		};
/* End PBXSourcesBuildPhase section */

/* Begin PBXTargetDependency section */
		E30A485722E902C10014A527 /* PBXTargetDependency */ = {
			isa = PBXTargetDependency;
			target = E30A484022E902BE0014A527 /* Anki Assistant */;
			targetProxy = E30A485622E902C10014A527 /* PBXContainerItemProxy */;
		};
/* End PBXTargetDependency section */

/* Begin PBXVariantGroup section */
		E30A484822E902BE0014A527 /* Main.storyboard */ = {
			isa = PBXVariantGroup;
			children = (
				E30A484922E902BE0014A527 /* Base */,
			);
			name = Main.storyboard;
			sourceTree = "<group>";
		};
		E30A484D22E902C10014A527 /* LaunchScreen.storyboard */ = {
			isa = PBXVariantGroup;
			children = (
				E30A484E22E902C10014A527 /* Base */,
			);
			name = LaunchScreen.storyboard;
			sourceTree = "<group>";
		};
/* End PBXVariantGroup section */

/* Begin XCBuildConfiguration section */
		E30A485C22E902C10014A527 /* Debug */ = {
			isa = XCBuildConfiguration;
			buildSettings = {
				ALWAYS_SEARCH_USER_PATHS = NO;
				CLANG_ANALYZER_NONNULL = YES;
				CLANG_ANALYZER_NUMBER_OBJECT_CONVERSION = YES_AGGRESSIVE;
				CLANG_CXX_LANGUAGE_STANDARD = "gnu++14";
				CLANG_CXX_LIBRARY = "libc++";
				CLANG_ENABLE_MODULES = YES;
				CLANG_ENABLE_OBJC_ARC = YES;
				CLANG_ENABLE_OBJC_WEAK = YES;
				CLANG_WARN_BLOCK_CAPTURE_AUTORELEASING = YES;
				CLANG_WARN_BOOL_CONVERSION = YES;
				CLANG_WARN_COMMA = YES;
				CLANG_WARN_CONSTANT_CONVERSION = YES;
				CLANG_WARN_DEPRECATED_OBJC_IMPLEMENTATIONS = YES;
				CLANG_WARN_DIRECT_OBJC_ISA_USAGE = YES_ERROR;
				CLANG_WARN_DOCUMENTATION_COMMENTS = YES;
				CLANG_WARN_EMPTY_BODY = YES;
				CLANG_WARN_ENUM_CONVERSION = YES;
				CLANG_WARN_INFINITE_RECURSION = YES;
				CLANG_WARN_INT_CONVERSION = YES;
				CLANG_WARN_NON_LITERAL_NULL_CONVERSION = YES;
				CLANG_WARN_OBJC_IMPLICIT_RETAIN_SELF = YES;
				CLANG_WARN_OBJC_LITERAL_CONVERSION = YES;
				CLANG_WARN_OBJC_ROOT_CLASS = YES_ERROR;
				CLANG_WARN_RANGE_LOOP_ANALYSIS = YES;
				CLANG_WARN_STRICT_PROTOTYPES = YES;
				CLANG_WARN_SUSPICIOUS_MOVE = YES;
				CLANG_WARN_UNGUARDED_AVAILABILITY = YES_AGGRESSIVE;
				CLANG_WARN_UNREACHABLE_CODE = YES;
				CLANG_WARN__DUPLICATE_METHOD_MATCH = YES;
				CODE_SIGN_IDENTITY = "iPhone Developer";
				COPY_PHASE_STRIP = NO;
				DEBUG_INFORMATION_FORMAT = dwarf;
				ENABLE_STRICT_OBJC_MSGSEND = YES;
				ENABLE_TESTABILITY = YES;
				GCC_C_LANGUAGE_STANDARD = gnu11;
				GCC_DYNAMIC_NO_PIC = NO;
				GCC_NO_COMMON_BLOCKS = YES;
				GCC_OPTIMIZATION_LEVEL = 0;
				GCC_PREPROCESSOR_DEFINITIONS = (
					"DEBUG=1",
					"$(inherited)",
				);
				GCC_WARN_64_TO_32_BIT_CONVERSION = YES;
				GCC_WARN_ABOUT_RETURN_TYPE = YES_ERROR;
				GCC_WARN_UNDECLARED_SELECTOR = YES;
				GCC_WARN_UNINITIALIZED_AUTOS = YES_AGGRESSIVE;
				GCC_WARN_UNUSED_FUNCTION = YES;
				GCC_WARN_UNUSED_VARIABLE = YES;
				IPHONEOS_DEPLOYMENT_TARGET = 12.4;
				MTL_ENABLE_DEBUG_INFO = INCLUDE_SOURCE;
				MTL_FAST_MATH = YES;
				ONLY_ACTIVE_ARCH = YES;
				SDKROOT = iphoneos;
				SWIFT_ACTIVE_COMPILATION_CONDITIONS = DEBUG;
				SWIFT_OPTIMIZATION_LEVEL = "-Onone";
			};
			name = Debug;
		};
		E30A485D22E902C10014A527 /* Release */ = {
			isa = XCBuildConfiguration;
			buildSettings = {
				ALWAYS_SEARCH_USER_PATHS = NO;
				CLANG_ANALYZER_NONNULL = YES;
				CLANG_ANALYZER_NUMBER_OBJECT_CONVERSION = YES_AGGRESSIVE;
				CLANG_CXX_LANGUAGE_STANDARD = "gnu++14";
				CLANG_CXX_LIBRARY = "libc++";
				CLANG_ENABLE_MODULES = YES;
				CLANG_ENABLE_OBJC_ARC = YES;
				CLANG_ENABLE_OBJC_WEAK = YES;
				CLANG_WARN_BLOCK_CAPTURE_AUTORELEASING = YES;
				CLANG_WARN_BOOL_CONVERSION = YES;
				CLANG_WARN_COMMA = YES;
				CLANG_WARN_CONSTANT_CONVERSION = YES;
				CLANG_WARN_DEPRECATED_OBJC_IMPLEMENTATIONS = YES;
				CLANG_WARN_DIRECT_OBJC_ISA_USAGE = YES_ERROR;
				CLANG_WARN_DOCUMENTATION_COMMENTS = YES;
				CLANG_WARN_EMPTY_BODY = YES;
				CLANG_WARN_ENUM_CONVERSION = YES;
				CLANG_WARN_INFINITE_RECURSION = YES;
				CLANG_WARN_INT_CONVERSION = YES;
				CLANG_WARN_NON_LITERAL_NULL_CONVERSION = YES;
				CLANG_WARN_OBJC_IMPLICIT_RETAIN_SELF = YES;
				CLANG_WARN_OBJC_LITERAL_CONVERSION = YES;
				CLANG_WARN_OBJC_ROOT_CLASS = YES_ERROR;
				CLANG_WARN_RANGE_LOOP_ANALYSIS = YES;
				CLANG_WARN_STRICT_PROTOTYPES = YES;
				CLANG_WARN_SUSPICIOUS_MOVE = YES;
				CLANG_WARN_UNGUARDED_AVAILABILITY = YES_AGGRESSIVE;
				CLANG_WARN_UNREACHABLE_CODE = YES;
				CLANG_WARN__DUPLICATE_METHOD_MATCH = YES;
				CODE_SIGN_IDENTITY = "iPhone Developer";
				COPY_PHASE_STRIP = NO;
				DEBUG_INFORMATION_FORMAT = "dwarf-with-dsym";
				ENABLE_NS_ASSERTIONS = NO;
				ENABLE_STRICT_OBJC_MSGSEND = YES;
				GCC_C_LANGUAGE_STANDARD = gnu11;
				GCC_NO_COMMON_BLOCKS = YES;
				GCC_WARN_64_TO_32_BIT_CONVERSION = YES;
				GCC_WARN_ABOUT_RETURN_TYPE = YES_ERROR;
				GCC_WARN_UNDECLARED_SELECTOR = YES;
				GCC_WARN_UNINITIALIZED_AUTOS = YES_AGGRESSIVE;
				GCC_WARN_UNUSED_FUNCTION = YES;
				GCC_WARN_UNUSED_VARIABLE = YES;
				IPHONEOS_DEPLOYMENT_TARGET = 12.4;
				MTL_ENABLE_DEBUG_INFO = NO;
				MTL_FAST_MATH = YES;
				SDKROOT = iphoneos;
				SWIFT_COMPILATION_MODE = wholemodule;
				SWIFT_OPTIMIZATION_LEVEL = "-O";
				VALIDATE_PRODUCT = YES;
			};
			name = Release;
		};
		E30A485F22E902C10014A527 /* Debug */ = {
			isa = XCBuildConfiguration;
			buildSettings = {
				ASSETCATALOG_COMPILER_APPICON_NAME = AppIcon;
				CODE_SIGN_STYLE = Automatic;
				DEVELOPMENT_TEAM = 5B956CC42A;
				INFOPLIST_FILE = "Anki Assistant/Info.plist";
				IPHONEOS_DEPLOYMENT_TARGET = 12.3;
				LD_RUNPATH_SEARCH_PATHS = (
					"$(inherited)",
					"@executable_path/Frameworks",
				);
				PRODUCT_BUNDLE_IDENTIFIER = "com.girish.Anki-Assistant";
				PRODUCT_NAME = "$(TARGET_NAME)";
				SWIFT_VERSION = 5.0;
				TARGETED_DEVICE_FAMILY = "1,2";
			};
			name = Debug;
		};
		E30A486022E902C10014A527 /* Release */ = {
			isa = XCBuildConfiguration;
			buildSettings = {
				ASSETCATALOG_COMPILER_APPICON_NAME = AppIcon;
				CODE_SIGN_STYLE = Automatic;
				DEVELOPMENT_TEAM = 5B956CC42A;
				INFOPLIST_FILE = "Anki Assistant/Info.plist";
				IPHONEOS_DEPLOYMENT_TARGET = 12.3;
				LD_RUNPATH_SEARCH_PATHS = (
					"$(inherited)",
					"@executable_path/Frameworks",
				);
				PRODUCT_BUNDLE_IDENTIFIER = "com.girish.Anki-Assistant";
				PRODUCT_NAME = "$(TARGET_NAME)";
				SWIFT_VERSION = 5.0;
				TARGETED_DEVICE_FAMILY = "1,2";
			};
			name = Release;
		};
		E30A486222E902C10014A527 /* Debug */ = {
			isa = XCBuildConfiguration;
			buildSettings = {
				ALWAYS_EMBED_SWIFT_STANDARD_LIBRARIES = YES;
				BUNDLE_LOADER = "$(TEST_HOST)";
				CODE_SIGN_STYLE = Automatic;
				DEVELOPMENT_TEAM = 5B956CC42A;
				INFOPLIST_FILE = "Anki AssistantTests/Info.plist";
				LD_RUNPATH_SEARCH_PATHS = (
					"$(inherited)",
					"@executable_path/Frameworks",
					"@loader_path/Frameworks",
				);
				PRODUCT_BUNDLE_IDENTIFIER = "com.girish.Anki-AssistantTests";
				PRODUCT_NAME = "$(TARGET_NAME)";
				SWIFT_VERSION = 5.0;
				TARGETED_DEVICE_FAMILY = "1,2";
				TEST_HOST = "$(BUILT_PRODUCTS_DIR)/Anki Assistant.app/Anki Assistant";
			};
			name = Debug;
		};
		E30A486322E902C10014A527 /* Release */ = {
			isa = XCBuildConfiguration;
			buildSettings = {
				ALWAYS_EMBED_SWIFT_STANDARD_LIBRARIES = YES;
				BUNDLE_LOADER = "$(TEST_HOST)";
				CODE_SIGN_STYLE = Automatic;
				DEVELOPMENT_TEAM = 5B956CC42A;
				INFOPLIST_FILE = "Anki AssistantTests/Info.plist";
				LD_RUNPATH_SEARCH_PATHS = (
					"$(inherited)",
					"@executable_path/Frameworks",
					"@loader_path/Frameworks",
				);
				PRODUCT_BUNDLE_IDENTIFIER = "com.girish.Anki-AssistantTests";
				PRODUCT_NAME = "$(TARGET_NAME)";
				SWIFT_VERSION = 5.0;
				TARGETED_DEVICE_FAMILY = "1,2";
				TEST_HOST = "$(BUILT_PRODUCTS_DIR)/Anki Assistant.app/Anki Assistant";
			};
			name = Release;
		};
/* End XCBuildConfiguration section */

/* Begin XCConfigurationList section */
		E30A483C22E902BE0014A527 /* Build configuration list for PBXProject "Anki Assistant" */ = {
			isa = XCConfigurationList;
			buildConfigurations = (
				E30A485C22E902C10014A527 /* Debug */,
				E30A485D22E902C10014A527 /* Release */,
			);
			defaultConfigurationIsVisible = 0;
			defaultConfigurationName = Release;
		};
		E30A485E22E902C10014A527 /* Build configuration list for PBXNativeTarget "Anki Assistant" */ = {
			isa = XCConfigurationList;
			buildConfigurations = (
				E30A485F22E902C10014A527 /* Debug */,
				E30A486022E902C10014A527 /* Release */,
			);
			defaultConfigurationIsVisible = 0;
			defaultConfigurationName = Release;
		};
		E30A486122E902C10014A527 /* Build configuration list for PBXNativeTarget "Anki AssistantTests" */ = {
			isa = XCConfigurationList;
			buildConfigurations = (
				E30A486222E902C10014A527 /* Debug */,
				E30A486322E902C10014A527 /* Release */,
			);
			defaultConfigurationIsVisible = 0;
			defaultConfigurationName = Release;
		};
/* End XCConfigurationList section */
	};
	rootObject = E30A483922E902BE0014A527 /* Project object */;
}
